
Microsoft Visual Studio Solution File, Format Version 12.00
# Visual Studio Version 16
VisualStudioVersion = 16.0.31005.135
MinimumVisualStudioVersion = 10.0.40219.1
Project("{FAE04EC0-301F-11D3-BF4B-00C04F79EFBC}") = "QuestionaryProject", "QuestionaryProject\QuestionaryProject.csproj", "{CDF490F5-C043-4416-A6F4-EAED5C496DA4}"
EndProject
Project("{FAE04EC0-301F-11D3-BF4B-00C04F79EFBC}") = "QuestionaryProject.Data", "QuestionaryProject.Data\QuestionaryProject.Data.csproj", "{B5728B06-76E0-452E-B127-FC9BFD219BBA}"
EndProject
Global
	GlobalSection(SolutionConfigurationPlatforms) = preSolution
		Debug|Any CPU = Debug|Any CPU
		Release|Any CPU = Release|Any CPU
	EndGlobalSection
	GlobalSection(ProjectConfigurationPlatforms) = postSolution
		{CDF490F5-C043-4416-A6F4-EAED5C496DA4}.Debug|Any CPU.ActiveCfg = Debug|Any CPU
		{CDF490F5-C043-4416-A6F4-EAED5C496DA4}.Debug|Any CPU.Build.0 = Debug|Any CPU
		{CDF490F5-C043-4416-A6F4-EAED5C496DA4}.Release|Any CPU.ActiveCfg = Release|Any CPU
		{CDF490F5-C043-4416-A6F4-EAED5C496DA4}.Release|Any CPU.Build.0 = Release|Any CPU
		{B5728B06-76E0-452E-B127-FC9BFD219BBA}.Debug|Any CPU.ActiveCfg = Debug|Any CPU
		{B5728B06-76E0-452E-B127-FC9BFD219BBA}.Debug|Any CPU.Build.0 = Debug|Any CPU
		{B5728B06-76E0-452E-B127-FC9BFD219BBA}.Release|Any CPU.ActiveCfg = Release|Any CPU
		{B5728B06-76E0-452E-B127-FC9BFD219BBA}.Release|Any CPU.Build.0 = Release|Any CPU
	EndGlobalSection
	GlobalSection(SolutionProperties) = preSolution
		HideSolutionNode = FALSE
	EndGlobalSection
	GlobalSection(ExtensibilityGlobals) = postSolution
		SolutionGuid = {A77EF203-CD78-4437-BF07-4B1D591C549C}
	EndGlobalSection
EndGlobal
